
Microsoft Visual Studio Solution File, Format Version 12.00
# Visual Studio Version 17
VisualStudioVersion = 17.10.34916.146
MinimumVisualStudioVersion = 10.0.40219.1
Project("{2150E333-8FDC-42A3-9474-1A3956D46DE8}") = "Services", "Services", "{01052111-4D02-48A6-83FF-DC24A37EA387}"
EndProject
Project("{2150E333-8FDC-42A3-9474-1A3956D46DE8}") = "Catalog", "Catalog", "{BC4A93ED-2278-4E08-8A16-CDC4B60C35E2}"
EndProject
Project("{FAE04EC0-301F-11D3-BF4B-00C04F79EFBC}") = "Service.Catalog", "Services\Catalog\Service.Catalog\Service.Catalog.csproj", "{2CE3DA39-EBE8-44FC-9901-CD5678C3B245}"
EndProject
Project("{2150E333-8FDC-42A3-9474-1A3956D46DE8}") = "Shared", "Shared", "{9C6EF08B-7833-4C3F-948D-A8542D26C6FB}"
EndProject
Project("{FAE04EC0-301F-11D3-BF4B-00C04F79EFBC}") = "MicroService.Shared", "Shared\MicroService.Shared\MicroService.Shared.csproj", "{AD73C53A-45E5-4C0D-9499-07C466C0293D}"
EndProject
Global
	GlobalSection(SolutionConfigurationPlatforms) = preSolution
		Debug|Any CPU = Debug|Any CPU
		Release|Any CPU = Release|Any CPU
	EndGlobalSection
	GlobalSection(ProjectConfigurationPlatforms) = postSolution
		{2CE3DA39-EBE8-44FC-9901-CD5678C3B245}.Debug|Any CPU.ActiveCfg = Debug|Any CPU
		{2CE3DA39-EBE8-44FC-9901-CD5678C3B245}.Debug|Any CPU.Build.0 = Debug|Any CPU
		{2CE3DA39-EBE8-44FC-9901-CD5678C3B245}.Release|Any CPU.ActiveCfg = Release|Any CPU
		{2CE3DA39-EBE8-44FC-9901-CD5678C3B245}.Release|Any CPU.Build.0 = Release|Any CPU
		{AD73C53A-45E5-4C0D-9499-07C466C0293D}.Debug|Any CPU.ActiveCfg = Debug|Any CPU
		{AD73C53A-45E5-4C0D-9499-07C466C0293D}.Debug|Any CPU.Build.0 = Debug|Any CPU
		{AD73C53A-45E5-4C0D-9499-07C466C0293D}.Release|Any CPU.ActiveCfg = Release|Any CPU
		{AD73C53A-45E5-4C0D-9499-07C466C0293D}.Release|Any CPU.Build.0 = Release|Any CPU
	EndGlobalSection
	GlobalSection(SolutionProperties) = preSolution
		HideSolutionNode = FALSE
	EndGlobalSection
	GlobalSection(NestedProjects) = preSolution
		{BC4A93ED-2278-4E08-8A16-CDC4B60C35E2} = {01052111-4D02-48A6-83FF-DC24A37EA387}
		{2CE3DA39-EBE8-44FC-9901-CD5678C3B245} = {BC4A93ED-2278-4E08-8A16-CDC4B60C35E2}
		{AD73C53A-45E5-4C0D-9499-07C466C0293D} = {9C6EF08B-7833-4C3F-948D-A8542D26C6FB}
	EndGlobalSection
	GlobalSection(ExtensibilityGlobals) = postSolution
		SolutionGuid = {96A4536F-A25E-4B2F-9BB4-7EC6131F5BCA}
	EndGlobalSection
EndGlobal
