
Microsoft Visual Studio Solution File, Format Version 12.00
# Visual Studio Version 17
VisualStudioVersion = 17.10.34916.146
MinimumVisualStudioVersion = 10.0.40219.1
Project("{2150E333-8FDC-42A3-9474-1A3956D46DE8}") = "Services", "Services", "{01052111-4D02-48A6-83FF-DC24A37EA387}"
EndProject
Project("{2150E333-8FDC-42A3-9474-1A3956D46DE8}") = "Catalog", "Catalog", "{BC4A93ED-2278-4E08-8A16-CDC4B60C35E2}"
EndProject
Project("{9A19103F-16F7-4668-BE54-9A1E7A4F7556}") = "Service.Catalog", "Services\Catalog\Service.Catalog\Service.Catalog.csproj", "{2CE3DA39-EBE8-44FC-9901-CD5678C3B245}"
EndProject
Project("{2150E333-8FDC-42A3-9474-1A3956D46DE8}") = "Shared", "Shared", "{9C6EF08B-7833-4C3F-948D-A8542D26C6FB}"
EndProject
Project("{9A19103F-16F7-4668-BE54-9A1E7A4F7556}") = "MicroService.Shared", "Shared\MicroService.Shared\MicroService.Shared.csproj", "{AD73C53A-45E5-4C0D-9499-07C466C0293D}"
EndProject
Project("{2150E333-8FDC-42A3-9474-1A3956D46DE8}") = "IdentityServer", "IdentityServer", "{C3BD1F7C-3B32-447C-8B8B-30CEFBA8E2AE}"
EndProject
Project("{9A19103F-16F7-4668-BE54-9A1E7A4F7556}") = "IdentityServer", "IdentityServer\IdentityServer.csproj", "{8F5760B2-2CE8-449E-8A39-5B990D10EB24}"
EndProject
Project("{2150E333-8FDC-42A3-9474-1A3956D46DE8}") = "PhotoStock", "PhotoStock", "{3ECCFF88-8C5A-4E6D-9EE6-E8255C6E034B}"
EndProject
Project("{9A19103F-16F7-4668-BE54-9A1E7A4F7556}") = "Service.PhotoStock", "Services\PhotoStock\Service.PhotoStock\Service.PhotoStock.csproj", "{EF6A69F1-BF0D-4A03-BC86-39FDA658E628}"
EndProject
Project("{2150E333-8FDC-42A3-9474-1A3956D46DE8}") = "Basket", "Basket", "{1A5F9A8E-1898-4D5F-8E34-DD489889F052}"
EndProject
Project("{9A19103F-16F7-4668-BE54-9A1E7A4F7556}") = "Service.Basket", "Services\Basket\Service.Basket\Service.Basket.csproj", "{DEAF2274-24DF-4EF9-8D59-B12D356E5FDF}"
EndProject
Project("{2150E333-8FDC-42A3-9474-1A3956D46DE8}") = "Discount", "Discount", "{A8465A55-10FF-4B7F-9CD7-F33BF8502039}"
EndProject
Project("{FAE04EC0-301F-11D3-BF4B-00C04F79EFBC}") = "Service.Discount", "Services\Discount\Service.Discount\Service.Discount.csproj", "{27435606-8482-4D9E-B815-401A40AFD986}"
EndProject
Global
	GlobalSection(SolutionConfigurationPlatforms) = preSolution
		Debug|Any CPU = Debug|Any CPU
		Release|Any CPU = Release|Any CPU
	EndGlobalSection
	GlobalSection(ProjectConfigurationPlatforms) = postSolution
		{2CE3DA39-EBE8-44FC-9901-CD5678C3B245}.Debug|Any CPU.ActiveCfg = Debug|Any CPU
		{2CE3DA39-EBE8-44FC-9901-CD5678C3B245}.Debug|Any CPU.Build.0 = Debug|Any CPU
		{2CE3DA39-EBE8-44FC-9901-CD5678C3B245}.Release|Any CPU.ActiveCfg = Release|Any CPU
		{2CE3DA39-EBE8-44FC-9901-CD5678C3B245}.Release|Any CPU.Build.0 = Release|Any CPU
		{AD73C53A-45E5-4C0D-9499-07C466C0293D}.Debug|Any CPU.ActiveCfg = Debug|Any CPU
		{AD73C53A-45E5-4C0D-9499-07C466C0293D}.Debug|Any CPU.Build.0 = Debug|Any CPU
		{AD73C53A-45E5-4C0D-9499-07C466C0293D}.Release|Any CPU.ActiveCfg = Release|Any CPU
		{AD73C53A-45E5-4C0D-9499-07C466C0293D}.Release|Any CPU.Build.0 = Release|Any CPU
		{8F5760B2-2CE8-449E-8A39-5B990D10EB24}.Debug|Any CPU.ActiveCfg = Debug|Any CPU
		{8F5760B2-2CE8-449E-8A39-5B990D10EB24}.Debug|Any CPU.Build.0 = Debug|Any CPU
		{8F5760B2-2CE8-449E-8A39-5B990D10EB24}.Release|Any CPU.ActiveCfg = Release|Any CPU
		{8F5760B2-2CE8-449E-8A39-5B990D10EB24}.Release|Any CPU.Build.0 = Release|Any CPU
		{EF6A69F1-BF0D-4A03-BC86-39FDA658E628}.Debug|Any CPU.ActiveCfg = Debug|Any CPU
		{EF6A69F1-BF0D-4A03-BC86-39FDA658E628}.Debug|Any CPU.Build.0 = Debug|Any CPU
		{EF6A69F1-BF0D-4A03-BC86-39FDA658E628}.Release|Any CPU.ActiveCfg = Release|Any CPU
		{EF6A69F1-BF0D-4A03-BC86-39FDA658E628}.Release|Any CPU.Build.0 = Release|Any CPU
		{DEAF2274-24DF-4EF9-8D59-B12D356E5FDF}.Debug|Any CPU.ActiveCfg = Debug|Any CPU
		{DEAF2274-24DF-4EF9-8D59-B12D356E5FDF}.Debug|Any CPU.Build.0 = Debug|Any CPU
		{DEAF2274-24DF-4EF9-8D59-B12D356E5FDF}.Release|Any CPU.ActiveCfg = Release|Any CPU
		{DEAF2274-24DF-4EF9-8D59-B12D356E5FDF}.Release|Any CPU.Build.0 = Release|Any CPU
		{27435606-8482-4D9E-B815-401A40AFD986}.Debug|Any CPU.ActiveCfg = Debug|Any CPU
		{27435606-8482-4D9E-B815-401A40AFD986}.Debug|Any CPU.Build.0 = Debug|Any CPU
		{27435606-8482-4D9E-B815-401A40AFD986}.Release|Any CPU.ActiveCfg = Release|Any CPU
		{27435606-8482-4D9E-B815-401A40AFD986}.Release|Any CPU.Build.0 = Release|Any CPU
	EndGlobalSection
	GlobalSection(SolutionProperties) = preSolution
		HideSolutionNode = FALSE
	EndGlobalSection
	GlobalSection(NestedProjects) = preSolution
		{BC4A93ED-2278-4E08-8A16-CDC4B60C35E2} = {01052111-4D02-48A6-83FF-DC24A37EA387}
		{2CE3DA39-EBE8-44FC-9901-CD5678C3B245} = {BC4A93ED-2278-4E08-8A16-CDC4B60C35E2}
		{AD73C53A-45E5-4C0D-9499-07C466C0293D} = {9C6EF08B-7833-4C3F-948D-A8542D26C6FB}
		{8F5760B2-2CE8-449E-8A39-5B990D10EB24} = {C3BD1F7C-3B32-447C-8B8B-30CEFBA8E2AE}
		{3ECCFF88-8C5A-4E6D-9EE6-E8255C6E034B} = {01052111-4D02-48A6-83FF-DC24A37EA387}
		{EF6A69F1-BF0D-4A03-BC86-39FDA658E628} = {3ECCFF88-8C5A-4E6D-9EE6-E8255C6E034B}
		{1A5F9A8E-1898-4D5F-8E34-DD489889F052} = {01052111-4D02-48A6-83FF-DC24A37EA387}
		{DEAF2274-24DF-4EF9-8D59-B12D356E5FDF} = {1A5F9A8E-1898-4D5F-8E34-DD489889F052}
		{A8465A55-10FF-4B7F-9CD7-F33BF8502039} = {01052111-4D02-48A6-83FF-DC24A37EA387}
		{27435606-8482-4D9E-B815-401A40AFD986} = {A8465A55-10FF-4B7F-9CD7-F33BF8502039}
	EndGlobalSection
	GlobalSection(ExtensibilityGlobals) = postSolution
		SolutionGuid = {96A4536F-A25E-4B2F-9BB4-7EC6131F5BCA}
	EndGlobalSection
EndGlobal
